// !$*UTF8*$!
{
	archiveVersion = 1;
	classes = {
	};
	objectVersion = 55;
	objects = {

/* Begin PBXBuildFile section */
		E723EA90286ECB950091F968 /* RecentTransactionList.swift in Sources */ = {isa = PBXBuildFile; fileRef = E723EA8F286ECB950091F968 /* RecentTransactionList.swift */; };
		E75D0A982882295100812E1B /* MainView.png in Resources */ = {isa = PBXBuildFile; fileRef = E75D0A972882295100812E1B /* MainView.png */; };
		E75D0A9C28822C7200812E1B /* Recent Transactions.png in Resources */ = {isa = PBXBuildFile; fileRef = E75D0A9B28822C7200812E1B /* Recent Transactions.png */; };
		E75D0A9F28822CDA00812E1B /* Transactions.png in Resources */ = {isa = PBXBuildFile; fileRef = E75D0A9D28822CDA00812E1B /* Transactions.png */; };
		E75D0AA028822CDA00812E1B /* Transactions(dark).png in Resources */ = {isa = PBXBuildFile; fileRef = E75D0A9E28822CDA00812E1B /* Transactions(dark).png */; };
		E76767AF286F91F800E13253 /* TransactionList.swift in Sources */ = {isa = PBXBuildFile; fileRef = E76767AE286F91F800E13253 /* TransactionList.swift */; };
		E7B11609286FC2E800D2BDA3 /* SwiftUICharts in Frameworks */ = {isa = PBXBuildFile; productRef = E7B11608286FC2E800D2BDA3 /* SwiftUICharts */; };
		E7B11610286FC5A400D2BDA3 /* Collections in Frameworks */ = {isa = PBXBuildFile; productRef = E7B1160F286FC5A400D2BDA3 /* Collections */; };
		E7B5CF78286E7BC100BADB35 /* ExpenseTrackerApp.swift in Sources */ = {isa = PBXBuildFile; fileRef = E7B5CF77286E7BC100BADB35 /* ExpenseTrackerApp.swift */; };
		E7B5CF7A286E7BC100BADB35 /* ContentView.swift in Sources */ = {isa = PBXBuildFile; fileRef = E7B5CF79286E7BC100BADB35 /* ContentView.swift */; };
		E7B5CF7C286E7BC600BADB35 /* Assets.xcassets in Resources */ = {isa = PBXBuildFile; fileRef = E7B5CF7B286E7BC600BADB35 /* Assets.xcassets */; };
		E7B5CF7F286E7BC600BADB35 /* Preview Assets.xcassets in Resources */ = {isa = PBXBuildFile; fileRef = E7B5CF7E286E7BC600BADB35 /* Preview Assets.xcassets */; };
		E7B5CF86286E7DC200BADB35 /* Extensions.swift in Sources */ = {isa = PBXBuildFile; fileRef = E7B5CF85286E7DC200BADB35 /* Extensions.swift */; };
		E7B5CF88286E823800BADB35 /* TransactionModel.swift in Sources */ = {isa = PBXBuildFile; fileRef = E7B5CF87286E823800BADB35 /* TransactionModel.swift */; };
		E7B5CF8A286E83E200BADB35 /* PreviewData.swift in Sources */ = {isa = PBXBuildFile; fileRef = E7B5CF89286E83E200BADB35 /* PreviewData.swift */; };
		E7B5CF8C286E8C1F00BADB35 /* TransactionRow.swift in Sources */ = {isa = PBXBuildFile; fileRef = E7B5CF8B286E8C1F00BADB35 /* TransactionRow.swift */; };
		E7B5CF8F286E94B500BADB35 /* SwiftUIFontIcon in Frameworks */ = {isa = PBXBuildFile; productRef = E7B5CF8E286E94B500BADB35 /* SwiftUIFontIcon */; };
		E7B5CF91286E979500BADB35 /* TransactionListViewModel.swift in Sources */ = {isa = PBXBuildFile; fileRef = E7B5CF90286E979500BADB35 /* TransactionListViewModel.swift */; };
		E7B5E523286F9DD5004AC2E7 /* SwiftUIFontIcon in Frameworks */ = {isa = PBXBuildFile; productRef = E7B5E522286F9DD5004AC2E7 /* SwiftUIFontIcon */; };
/* End PBXBuildFile section */

/* Begin PBXFileReference section */
		E723EA8F286ECB950091F968 /* RecentTransactionList.swift */ = {isa = PBXFileReference; lastKnownFileType = sourcecode.swift; path = RecentTransactionList.swift; sourceTree = "<group>"; };
		E75D0A9528821F1100812E1B /* README.md */ = {isa = PBXFileReference; lastKnownFileType = net.daringfireball.markdown; path = README.md; sourceTree = "<group>"; };
		E75D0A972882295100812E1B /* MainView.png */ = {isa = PBXFileReference; lastKnownFileType = image.png; path = MainView.png; sourceTree = "<group>"; };
		E75D0A9B28822C7200812E1B /* Recent Transactions.png */ = {isa = PBXFileReference; lastKnownFileType = image.png; path = "Recent Transactions.png"; sourceTree = "<group>"; };
		E75D0A9D28822CDA00812E1B /* Transactions.png */ = {isa = PBXFileReference; lastKnownFileType = image.png; path = Transactions.png; sourceTree = "<group>"; };
		E75D0A9E28822CDA00812E1B /* Transactions(dark).png */ = {isa = PBXFileReference; lastKnownFileType = image.png; path = "Transactions(dark).png"; sourceTree = "<group>"; };
		E76767AE286F91F800E13253 /* TransactionList.swift */ = {isa = PBXFileReference; lastKnownFileType = sourcecode.swift; path = TransactionList.swift; sourceTree = "<group>"; };
		E7B5CF74286E7BC100BADB35 /* ExpenseTracker.app */ = {isa = PBXFileReference; explicitFileType = wrapper.application; includeInIndex = 0; path = ExpenseTracker.app; sourceTree = BUILT_PRODUCTS_DIR; };
		E7B5CF77286E7BC100BADB35 /* ExpenseTrackerApp.swift */ = {isa = PBXFileReference; lastKnownFileType = sourcecode.swift; path = ExpenseTrackerApp.swift; sourceTree = "<group>"; };
		E7B5CF79286E7BC100BADB35 /* ContentView.swift */ = {isa = PBXFileReference; lastKnownFileType = sourcecode.swift; path = ContentView.swift; sourceTree = "<group>"; };
		E7B5CF7B286E7BC600BADB35 /* Assets.xcassets */ = {isa = PBXFileReference; lastKnownFileType = folder.assetcatalog; path = Assets.xcassets; sourceTree = "<group>"; };
		E7B5CF7E286E7BC600BADB35 /* Preview Assets.xcassets */ = {isa = PBXFileReference; lastKnownFileType = folder.assetcatalog; path = "Preview Assets.xcassets"; sourceTree = "<group>"; };
		E7B5CF85286E7DC200BADB35 /* Extensions.swift */ = {isa = PBXFileReference; lastKnownFileType = sourcecode.swift; path = Extensions.swift; sourceTree = "<group>"; };
		E7B5CF87286E823800BADB35 /* TransactionModel.swift */ = {isa = PBXFileReference; lastKnownFileType = sourcecode.swift; path = TransactionModel.swift; sourceTree = "<group>"; };
		E7B5CF89286E83E200BADB35 /* PreviewData.swift */ = {isa = PBXFileReference; lastKnownFileType = sourcecode.swift; path = PreviewData.swift; sourceTree = "<group>"; };
		E7B5CF8B286E8C1F00BADB35 /* TransactionRow.swift */ = {isa = PBXFileReference; lastKnownFileType = sourcecode.swift; path = TransactionRow.swift; sourceTree = "<group>"; };
		E7B5CF90286E979500BADB35 /* TransactionListViewModel.swift */ = {isa = PBXFileReference; lastKnownFileType = sourcecode.swift; path = TransactionListViewModel.swift; sourceTree = "<group>"; };
/* End PBXFileReference section */

/* Begin PBXFrameworksBuildPhase section */
		E7B5CF71286E7BC100BADB35 /* Frameworks */ = {
			isa = PBXFrameworksBuildPhase;
			buildActionMask = 2147483647;
			files = (
				E7B11609286FC2E800D2BDA3 /* SwiftUICharts in Frameworks */,
				E7B5E523286F9DD5004AC2E7 /* SwiftUIFontIcon in Frameworks */,
				E7B11610286FC5A400D2BDA3 /* Collections in Frameworks */,
				E7B5CF8F286E94B500BADB35 /* SwiftUIFontIcon in Frameworks */,
			);
			runOnlyForDeploymentPostprocessing = 0;
		};
/* End PBXFrameworksBuildPhase section */

/* Begin PBXGroup section */
		E75D0A962882292E00812E1B /* Images */ = {
			isa = PBXGroup;
			children = (
				E75D0A9D28822CDA00812E1B /* Transactions.png */,
				E75D0A9E28822CDA00812E1B /* Transactions(dark).png */,
				E75D0A9B28822C7200812E1B /* Recent Transactions.png */,
				E75D0A972882295100812E1B /* MainView.png */,
			);
			path = Images;
			sourceTree = "<group>";
		};
		E7B1160D286FC57600D2BDA3 /* Frameworks */ = {
			isa = PBXGroup;
			children = (
			);
			name = Frameworks;
			sourceTree = "<group>";
		};
		E7B5CF6B286E7BC100BADB35 = {
			isa = PBXGroup;
			children = (
				E75D0A9528821F1100812E1B /* README.md */,
				E75D0A962882292E00812E1B /* Images */,
				E7B5CF76286E7BC100BADB35 /* ExpenseTracker */,
				E7B5CF75286E7BC100BADB35 /* Products */,
				E7B1160D286FC57600D2BDA3 /* Frameworks */,
			);
			sourceTree = "<group>";
		};
		E7B5CF75286E7BC100BADB35 /* Products */ = {
			isa = PBXGroup;
			children = (
				E7B5CF74286E7BC100BADB35 /* ExpenseTracker.app */,
			);
			name = Products;
			sourceTree = "<group>";
		};
		E7B5CF76286E7BC100BADB35 /* ExpenseTracker */ = {
			isa = PBXGroup;
			children = (
				E7B5CF77286E7BC100BADB35 /* ExpenseTrackerApp.swift */,
				E7B5CF79286E7BC100BADB35 /* ContentView.swift */,
				E723EA8F286ECB950091F968 /* RecentTransactionList.swift */,
				E7B5CF8B286E8C1F00BADB35 /* TransactionRow.swift */,
				E7B5CF90286E979500BADB35 /* TransactionListViewModel.swift */,
				E76767AE286F91F800E13253 /* TransactionList.swift */,
				E7B5CF87286E823800BADB35 /* TransactionModel.swift */,
				E7B5CF85286E7DC200BADB35 /* Extensions.swift */,
				E7B5CF7B286E7BC600BADB35 /* Assets.xcassets */,
				E7B5CF7D286E7BC600BADB35 /* Preview Content */,
			);
			path = ExpenseTracker;
			sourceTree = "<group>";
		};
		E7B5CF7D286E7BC600BADB35 /* Preview Content */ = {
			isa = PBXGroup;
			children = (
				E7B5CF7E286E7BC600BADB35 /* Preview Assets.xcassets */,
				E7B5CF89286E83E200BADB35 /* PreviewData.swift */,
			);
			path = "Preview Content";
			sourceTree = "<group>";
		};
/* End PBXGroup section */

/* Begin PBXNativeTarget section */
		E7B5CF73286E7BC100BADB35 /* ExpenseTracker */ = {
			isa = PBXNativeTarget;
			buildConfigurationList = E7B5CF82286E7BC600BADB35 /* Build configuration list for PBXNativeTarget "ExpenseTracker" */;
			buildPhases = (
				E7B5CF70286E7BC100BADB35 /* Sources */,
				E7B5CF71286E7BC100BADB35 /* Frameworks */,
				E7B5CF72286E7BC100BADB35 /* Resources */,
			);
			buildRules = (
			);
			dependencies = (
			);
			name = ExpenseTracker;
			packageProductDependencies = (
				E7B5CF8E286E94B500BADB35 /* SwiftUIFontIcon */,
				E7B5E522286F9DD5004AC2E7 /* SwiftUIFontIcon */,
				E7B11608286FC2E800D2BDA3 /* SwiftUICharts */,
				E7B1160F286FC5A400D2BDA3 /* Collections */,
			);
			productName = ExpenseTracker;
			productReference = E7B5CF74286E7BC100BADB35 /* ExpenseTracker.app */;
			productType = "com.apple.product-type.application";
		};
/* End PBXNativeTarget section */

/* Begin PBXProject section */
		E7B5CF6C286E7BC100BADB35 /* Project object */ = {
			isa = PBXProject;
			attributes = {
				BuildIndependentTargetsInParallel = 1;
				LastSwiftUpdateCheck = 1340;
				LastUpgradeCheck = 1340;
				TargetAttributes = {
					E7B5CF73286E7BC100BADB35 = {
						CreatedOnToolsVersion = 13.4.1;
					};
				};
			};
			buildConfigurationList = E7B5CF6F286E7BC100BADB35 /* Build configuration list for PBXProject "ExpenseTracker" */;
			compatibilityVersion = "Xcode 13.0";
			developmentRegion = en;
			hasScannedForEncodings = 0;
			knownRegions = (
				en,
				Base,
			);
			mainGroup = E7B5CF6B286E7BC100BADB35;
			packageReferences = (
				E7B5CF8D286E94B500BADB35 /* XCRemoteSwiftPackageReference "SwiftUIFontIcon" */,
				E7B11607286FC2E800D2BDA3 /* XCRemoteSwiftPackageReference "ChartView" */,
				E7B1160A286FC55200D2BDA3 /* XCRemoteSwiftPackageReference "swift-collections" */,
				E7B1160E286FC5A400D2BDA3 /* XCRemoteSwiftPackageReference "swift-collections" */,
			);
			productRefGroup = E7B5CF75286E7BC100BADB35 /* Products */;
			projectDirPath = "";
			projectRoot = "";
			targets = (
				E7B5CF73286E7BC100BADB35 /* ExpenseTracker */,
			);
		};
/* End PBXProject section */

/* Begin PBXResourcesBuildPhase section */
		E7B5CF72286E7BC100BADB35 /* Resources */ = {
			isa = PBXResourcesBuildPhase;
			buildActionMask = 2147483647;
			files = (
				E75D0A9F28822CDA00812E1B /* Transactions.png in Resources */,
				E75D0AA028822CDA00812E1B /* Transactions(dark).png in Resources */,
				E75D0A9C28822C7200812E1B /* Recent Transactions.png in Resources */,
				E7B5CF7F286E7BC600BADB35 /* Preview Assets.xcassets in Resources */,
				E7B5CF7C286E7BC600BADB35 /* Assets.xcassets in Resources */,
				E75D0A982882295100812E1B /* MainView.png in Resources */,
			);
			runOnlyForDeploymentPostprocessing = 0;
		};
/* End PBXResourcesBuildPhase section */

/* Begin PBXSourcesBuildPhase section */
		E7B5CF70286E7BC100BADB35 /* Sources */ = {
			isa = PBXSourcesBuildPhase;
			buildActionMask = 2147483647;
			files = (
				E7B5CF8A286E83E200BADB35 /* PreviewData.swift in Sources */,
				E76767AF286F91F800E13253 /* TransactionList.swift in Sources */,
				E723EA90286ECB950091F968 /* RecentTransactionList.swift in Sources */,
				E7B5CF88286E823800BADB35 /* TransactionModel.swift in Sources */,
				E7B5CF7A286E7BC100BADB35 /* ContentView.swift in Sources */,
				E7B5CF8C286E8C1F00BADB35 /* TransactionRow.swift in Sources */,
				E7B5CF86286E7DC200BADB35 /* Extensions.swift in Sources */,
				E7B5CF91286E979500BADB35 /* TransactionListViewModel.swift in Sources */,
				E7B5CF78286E7BC100BADB35 /* ExpenseTrackerApp.swift in Sources */,
			);
			runOnlyForDeploymentPostprocessing = 0;
		};
/* End PBXSourcesBuildPhase section */

/* Begin XCBuildConfiguration section */
		E7B5CF80286E7BC600BADB35 /* Debug */ = {
			isa = XCBuildConfiguration;
			buildSettings = {
				ALWAYS_SEARCH_USER_PATHS = NO;
				CLANG_ANALYZER_NONNULL = YES;
				CLANG_ANALYZER_NUMBER_OBJECT_CONVERSION = YES_AGGRESSIVE;
				CLANG_CXX_LANGUAGE_STANDARD = "gnu++17";
				CLANG_ENABLE_MODULES = YES;
				CLANG_ENABLE_OBJC_ARC = YES;
				CLANG_ENABLE_OBJC_WEAK = YES;
				CLANG_WARN_BLOCK_CAPTURE_AUTORELEASING = YES;
				CLANG_WARN_BOOL_CONVERSION = YES;
				CLANG_WARN_COMMA = YES;
				CLANG_WARN_CONSTANT_CONVERSION = YES;
				CLANG_WARN_DEPRECATED_OBJC_IMPLEMENTATIONS = YES;
				CLANG_WARN_DIRECT_OBJC_ISA_USAGE = YES_ERROR;
				CLANG_WARN_DOCUMENTATION_COMMENTS = YES;
				CLANG_WARN_EMPTY_BODY = YES;
				CLANG_WARN_ENUM_CONVERSION = YES;
				CLANG_WARN_INFINITE_RECURSION = YES;
				CLANG_WARN_INT_CONVERSION = YES;
				CLANG_WARN_NON_LITERAL_NULL_CONVERSION = YES;
				CLANG_WARN_OBJC_IMPLICIT_RETAIN_SELF = YES;
				CLANG_WARN_OBJC_LITERAL_CONVERSION = YES;
				CLANG_WARN_OBJC_ROOT_CLASS = YES_ERROR;
				CLANG_WARN_QUOTED_INCLUDE_IN_FRAMEWORK_HEADER = YES;
				CLANG_WARN_RANGE_LOOP_ANALYSIS = YES;
				CLANG_WARN_STRICT_PROTOTYPES = YES;
				CLANG_WARN_SUSPICIOUS_MOVE = YES;
				CLANG_WARN_UNGUARDED_AVAILABILITY = YES_AGGRESSIVE;
				CLANG_WARN_UNREACHABLE_CODE = YES;
				CLANG_WARN__DUPLICATE_METHOD_MATCH = YES;
				COPY_PHASE_STRIP = NO;
				DEBUG_INFORMATION_FORMAT = dwarf;
				ENABLE_STRICT_OBJC_MSGSEND = YES;
				ENABLE_TESTABILITY = YES;
				GCC_C_LANGUAGE_STANDARD = gnu11;
				GCC_DYNAMIC_NO_PIC = NO;
				GCC_NO_COMMON_BLOCKS = YES;
				GCC_OPTIMIZATION_LEVEL = 0;
				GCC_PREPROCESSOR_DEFINITIONS = (
					"DEBUG=1",
					"$(inherited)",
				);
				GCC_WARN_64_TO_32_BIT_CONVERSION = YES;
				GCC_WARN_ABOUT_RETURN_TYPE = YES_ERROR;
				GCC_WARN_UNDECLARED_SELECTOR = YES;
				GCC_WARN_UNINITIALIZED_AUTOS = YES_AGGRESSIVE;
				GCC_WARN_UNUSED_FUNCTION = YES;
				GCC_WARN_UNUSED_VARIABLE = YES;
				IPHONEOS_DEPLOYMENT_TARGET = 15.5;
				MTL_ENABLE_DEBUG_INFO = INCLUDE_SOURCE;
				MTL_FAST_MATH = YES;
				ONLY_ACTIVE_ARCH = YES;
				SDKROOT = iphoneos;
				SWIFT_ACTIVE_COMPILATION_CONDITIONS = DEBUG;
				SWIFT_OPTIMIZATION_LEVEL = "-Onone";
			};
			name = Debug;
		};
		E7B5CF81286E7BC600BADB35 /* Release */ = {
			isa = XCBuildConfiguration;
			buildSettings = {
				ALWAYS_SEARCH_USER_PATHS = NO;
				CLANG_ANALYZER_NONNULL = YES;
				CLANG_ANALYZER_NUMBER_OBJECT_CONVERSION = YES_AGGRESSIVE;
				CLANG_CXX_LANGUAGE_STANDARD = "gnu++17";
				CLANG_ENABLE_MODULES = YES;
				CLANG_ENABLE_OBJC_ARC = YES;
				CLANG_ENABLE_OBJC_WEAK = YES;
				CLANG_WARN_BLOCK_CAPTURE_AUTORELEASING = YES;
				CLANG_WARN_BOOL_CONVERSION = YES;
				CLANG_WARN_COMMA = YES;
				CLANG_WARN_CONSTANT_CONVERSION = YES;
				CLANG_WARN_DEPRECATED_OBJC_IMPLEMENTATIONS = YES;
				CLANG_WARN_DIRECT_OBJC_ISA_USAGE = YES_ERROR;
				CLANG_WARN_DOCUMENTATION_COMMENTS = YES;
				CLANG_WARN_EMPTY_BODY = YES;
				CLANG_WARN_ENUM_CONVERSION = YES;
				CLANG_WARN_INFINITE_RECURSION = YES;
				CLANG_WARN_INT_CONVERSION = YES;
				CLANG_WARN_NON_LITERAL_NULL_CONVERSION = YES;
				CLANG_WARN_OBJC_IMPLICIT_RETAIN_SELF = YES;
				CLANG_WARN_OBJC_LITERAL_CONVERSION = YES;
				CLANG_WARN_OBJC_ROOT_CLASS = YES_ERROR;
				CLANG_WARN_QUOTED_INCLUDE_IN_FRAMEWORK_HEADER = YES;
				CLANG_WARN_RANGE_LOOP_ANALYSIS = YES;
				CLANG_WARN_STRICT_PROTOTYPES = YES;
				CLANG_WARN_SUSPICIOUS_MOVE = YES;
				CLANG_WARN_UNGUARDED_AVAILABILITY = YES_AGGRESSIVE;
				CLANG_WARN_UNREACHABLE_CODE = YES;
				CLANG_WARN__DUPLICATE_METHOD_MATCH = YES;
				COPY_PHASE_STRIP = NO;
				DEBUG_INFORMATION_FORMAT = "dwarf-with-dsym";
				ENABLE_NS_ASSERTIONS = NO;
				ENABLE_STRICT_OBJC_MSGSEND = YES;
				GCC_C_LANGUAGE_STANDARD = gnu11;
				GCC_NO_COMMON_BLOCKS = YES;
				GCC_WARN_64_TO_32_BIT_CONVERSION = YES;
				GCC_WARN_ABOUT_RETURN_TYPE = YES_ERROR;
				GCC_WARN_UNDECLARED_SELECTOR = YES;
				GCC_WARN_UNINITIALIZED_AUTOS = YES_AGGRESSIVE;
				GCC_WARN_UNUSED_FUNCTION = YES;
				GCC_WARN_UNUSED_VARIABLE = YES;
				IPHONEOS_DEPLOYMENT_TARGET = 15.5;
				MTL_ENABLE_DEBUG_INFO = NO;
				MTL_FAST_MATH = YES;
				SDKROOT = iphoneos;
				SWIFT_COMPILATION_MODE = wholemodule;
				SWIFT_OPTIMIZATION_LEVEL = "-O";
				VALIDATE_PRODUCT = YES;
			};
			name = Release;
		};
		E7B5CF83286E7BC600BADB35 /* Debug */ = {
			isa = XCBuildConfiguration;
			buildSettings = {
				ASSETCATALOG_COMPILER_APPICON_NAME = AppIcon;
				ASSETCATALOG_COMPILER_GLOBAL_ACCENT_COLOR_NAME = AccentColor;
				CODE_SIGN_STYLE = Automatic;
				CURRENT_PROJECT_VERSION = 1;
				DEVELOPMENT_ASSET_PATHS = "\"ExpenseTracker/Preview Content\"";
				ENABLE_PREVIEWS = YES;
				GENERATE_INFOPLIST_FILE = YES;
				INFOPLIST_KEY_UIApplicationSceneManifest_Generation = YES;
				INFOPLIST_KEY_UIApplicationSupportsIndirectInputEvents = YES;
				INFOPLIST_KEY_UILaunchScreen_Generation = YES;
				INFOPLIST_KEY_UISupportedInterfaceOrientations_iPad = "UIInterfaceOrientationPortrait UIInterfaceOrientationPortraitUpsideDown UIInterfaceOrientationLandscapeLeft UIInterfaceOrientationLandscapeRight";
				INFOPLIST_KEY_UISupportedInterfaceOrientations_iPhone = "UIInterfaceOrientationPortrait UIInterfaceOrientationLandscapeLeft UIInterfaceOrientationLandscapeRight";
				IPHONEOS_DEPLOYMENT_TARGET = 15.5;
				LD_RUNPATH_SEARCH_PATHS = (
					"$(inherited)",
					"@executable_path/Frameworks",
				);
				MARKETING_VERSION = 1.0;
				PRODUCT_BUNDLE_IDENTIFIER = Nawaf.ExpenseTracker;
				PRODUCT_NAME = "$(TARGET_NAME)";
				SWIFT_EMIT_LOC_STRINGS = YES;
				SWIFT_VERSION = 5.0;
				TARGETED_DEVICE_FAMILY = "1,2";
			};
			name = Debug;
		};
		E7B5CF84286E7BC600BADB35 /* Release */ = {
			isa = XCBuildConfiguration;
			buildSettings = {
				ASSETCATALOG_COMPILER_APPICON_NAME = AppIcon;
				ASSETCATALOG_COMPILER_GLOBAL_ACCENT_COLOR_NAME = AccentColor;
				CODE_SIGN_STYLE = Automatic;
				CURRENT_PROJECT_VERSION = 1;
				DEVELOPMENT_ASSET_PATHS = "\"ExpenseTracker/Preview Content\"";
				ENABLE_PREVIEWS = YES;
				GENERATE_INFOPLIST_FILE = YES;
				INFOPLIST_KEY_UIApplicationSceneManifest_Generation = YES;
				INFOPLIST_KEY_UIApplicationSupportsIndirectInputEvents = YES;
				INFOPLIST_KEY_UILaunchScreen_Generation = YES;
				INFOPLIST_KEY_UISupportedInterfaceOrientations_iPad = "UIInterfaceOrientationPortrait UIInterfaceOrientationPortraitUpsideDown UIInterfaceOrientationLandscapeLeft UIInterfaceOrientationLandscapeRight";
				INFOPLIST_KEY_UISupportedInterfaceOrientations_iPhone = "UIInterfaceOrientationPortrait UIInterfaceOrientationLandscapeLeft UIInterfaceOrientationLandscapeRight";
				IPHONEOS_DEPLOYMENT_TARGET = 15.5;
				LD_RUNPATH_SEARCH_PATHS = (
					"$(inherited)",
					"@executable_path/Frameworks",
				);
				MARKETING_VERSION = 1.0;
				PRODUCT_BUNDLE_IDENTIFIER = Nawaf.ExpenseTracker;
				PRODUCT_NAME = "$(TARGET_NAME)";
				SWIFT_EMIT_LOC_STRINGS = YES;
				SWIFT_VERSION = 5.0;
				TARGETED_DEVICE_FAMILY = "1,2";
			};
			name = Release;
		};
/* End XCBuildConfiguration section */

/* Begin XCConfigurationList section */
		E7B5CF6F286E7BC100BADB35 /* Build configuration list for PBXProject "ExpenseTracker" */ = {
			isa = XCConfigurationList;
			buildConfigurations = (
				E7B5CF80286E7BC600BADB35 /* Debug */,
				E7B5CF81286E7BC600BADB35 /* Release */,
			);
			defaultConfigurationIsVisible = 0;
			defaultConfigurationName = Release;
		};
		E7B5CF82286E7BC600BADB35 /* Build configuration list for PBXNativeTarget "ExpenseTracker" */ = {
			isa = XCConfigurationList;
			buildConfigurations = (
				E7B5CF83286E7BC600BADB35 /* Debug */,
				E7B5CF84286E7BC600BADB35 /* Release */,
			);
			defaultConfigurationIsVisible = 0;
			defaultConfigurationName = Release;
		};
/* End XCConfigurationList section */

/* Begin XCRemoteSwiftPackageReference section */
		E7B11607286FC2E800D2BDA3 /* XCRemoteSwiftPackageReference "ChartView" */ = {
			isa = XCRemoteSwiftPackageReference;
			repositoryURL = "https://github.com/AppPear/ChartView";
			requirement = {
				kind = exactVersion;
				version = "2.0.0-beta.2";
			};
		};
		E7B1160A286FC55200D2BDA3 /* XCRemoteSwiftPackageReference "swift-collections" */ = {
			isa = XCRemoteSwiftPackageReference;
			repositoryURL = "https://github.com/apple/swift-collections.git";
			requirement = {
				kind = upToNextMajorVersion;
				minimumVersion = 1.0.2;
			};
		};
		E7B1160E286FC5A400D2BDA3 /* XCRemoteSwiftPackageReference "swift-collections" */ = {
			isa = XCRemoteSwiftPackageReference;
			repositoryURL = "https://github.com/apple/swift-collections.git";
			requirement = {
				kind = upToNextMajorVersion;
				minimumVersion = 1.0.0;
			};
		};
		E7B5CF8D286E94B500BADB35 /* XCRemoteSwiftPackageReference "SwiftUIFontIcon" */ = {
			isa = XCRemoteSwiftPackageReference;
			repositoryURL = "https://github.com/huybuidac/SwiftUIFontIcon";
			requirement = {
				branch = master;
				kind = branch;
			};
		};
/* End XCRemoteSwiftPackageReference section */

/* Begin XCSwiftPackageProductDependency section */
		E7B11608286FC2E800D2BDA3 /* SwiftUICharts */ = {
			isa = XCSwiftPackageProductDependency;
			package = E7B11607286FC2E800D2BDA3 /* XCRemoteSwiftPackageReference "ChartView" */;
			productName = SwiftUICharts;
		};
		E7B1160F286FC5A400D2BDA3 /* Collections */ = {
			isa = XCSwiftPackageProductDependency;
			package = E7B1160E286FC5A400D2BDA3 /* XCRemoteSwiftPackageReference "swift-collections" */;
			productName = Collections;
		};
		E7B5CF8E286E94B500BADB35 /* SwiftUIFontIcon */ = {
			isa = XCSwiftPackageProductDependency;
			package = E7B5CF8D286E94B500BADB35 /* XCRemoteSwiftPackageReference "SwiftUIFontIcon" */;
			productName = SwiftUIFontIcon;
		};
		E7B5E522286F9DD5004AC2E7 /* SwiftUIFontIcon */ = {
			isa = XCSwiftPackageProductDependency;
			package = E7B5CF8D286E94B500BADB35 /* XCRemoteSwiftPackageReference "SwiftUIFontIcon" */;
			productName = SwiftUIFontIcon;
		};
/* End XCSwiftPackageProductDependency section */
	};
	rootObject = E7B5CF6C286E7BC100BADB35 /* Project object */;
}
